
Microsoft Visual Studio Solution File, Format Version 12.00
# Visual Studio Version 16
VisualStudioVersion = 16.0.29613.14
MinimumVisualStudioVersion = 10.0.40219.1
Project("{FAE04EC0-301F-11D3-BF4B-00C04F79EFBC}") = "5Philosoph", "5Philosoph\5Philosoph.csproj", "{A2B88CB2-04F6-4503-B463-CCCF7385A2ED}"
EndProject
Global
	GlobalSection(SolutionConfigurationPlatforms) = preSolution
		Debug|Any CPU = Debug|Any CPU
		Release|Any CPU = Release|Any CPU
	EndGlobalSection
	GlobalSection(ProjectConfigurationPlatforms) = postSolution
		{A2B88CB2-04F6-4503-B463-CCCF7385A2ED}.Debug|Any CPU.ActiveCfg = Debug|Any CPU
		{A2B88CB2-04F6-4503-B463-CCCF7385A2ED}.Debug|Any CPU.Build.0 = Debug|Any CPU
		{A2B88CB2-04F6-4503-B463-CCCF7385A2ED}.Release|Any CPU.ActiveCfg = Release|Any CPU
		{A2B88CB2-04F6-4503-B463-CCCF7385A2ED}.Release|Any CPU.Build.0 = Release|Any CPU
	EndGlobalSection
	GlobalSection(SolutionProperties) = preSolution
		HideSolutionNode = FALSE
	EndGlobalSection
	GlobalSection(ExtensibilityGlobals) = postSolution
		SolutionGuid = {13F815C0-B001-4869-A351-BA5179AC7497}
	EndGlobalSection
EndGlobal
